
Microsoft Visual Studio Solution File, Format Version 12.00
# Visual Studio Version 17
VisualStudioVersion = 17.8.34525.116
MinimumVisualStudioVersion = 10.0.40219.1
Project("{FAE04EC0-301F-11D3-BF4B-00C04F79EFBC}") = "BlazorApp1.Server", "BlazorApp1\Server\BlazorApp1.Server.csproj", "{1577627B-95E1-413C-BF38-9A11215C450C}"
EndProject
Project("{FAE04EC0-301F-11D3-BF4B-00C04F79EFBC}") = "BlazorApp1.Client", "BlazorApp1\Client\BlazorApp1.Client.csproj", "{8AE53930-852C-4318-ACB7-42A931DE11D8}"
EndProject
Project("{FAE04EC0-301F-11D3-BF4B-00C04F79EFBC}") = "BlazorApp1.Shared", "BlazorApp1\Shared\BlazorApp1.Shared.csproj", "{3E0569CA-002F-4AE4-8D16-8EFBC660471C}"
EndProject
Global
	GlobalSection(SolutionConfigurationPlatforms) = preSolution
		Debug|Any CPU = Debug|Any CPU
		Release|Any CPU = Release|Any CPU
	EndGlobalSection
	GlobalSection(ProjectConfigurationPlatforms) = postSolution
		{1577627B-95E1-413C-BF38-9A11215C450C}.Debug|Any CPU.ActiveCfg = Debug|Any CPU
		{1577627B-95E1-413C-BF38-9A11215C450C}.Debug|Any CPU.Build.0 = Debug|Any CPU
		{1577627B-95E1-413C-BF38-9A11215C450C}.Release|Any CPU.ActiveCfg = Release|Any CPU
		{1577627B-95E1-413C-BF38-9A11215C450C}.Release|Any CPU.Build.0 = Release|Any CPU
		{8AE53930-852C-4318-ACB7-42A931DE11D8}.Debug|Any CPU.ActiveCfg = Debug|Any CPU
		{8AE53930-852C-4318-ACB7-42A931DE11D8}.Debug|Any CPU.Build.0 = Debug|Any CPU
		{8AE53930-852C-4318-ACB7-42A931DE11D8}.Release|Any CPU.ActiveCfg = Release|Any CPU
		{8AE53930-852C-4318-ACB7-42A931DE11D8}.Release|Any CPU.Build.0 = Release|Any CPU
		{3E0569CA-002F-4AE4-8D16-8EFBC660471C}.Debug|Any CPU.ActiveCfg = Debug|Any CPU
		{3E0569CA-002F-4AE4-8D16-8EFBC660471C}.Debug|Any CPU.Build.0 = Debug|Any CPU
		{3E0569CA-002F-4AE4-8D16-8EFBC660471C}.Release|Any CPU.ActiveCfg = Release|Any CPU
		{3E0569CA-002F-4AE4-8D16-8EFBC660471C}.Release|Any CPU.Build.0 = Release|Any CPU
	EndGlobalSection
	GlobalSection(SolutionProperties) = preSolution
		HideSolutionNode = FALSE
	EndGlobalSection
	GlobalSection(ExtensibilityGlobals) = postSolution
		SolutionGuid = {FC427173-210D-4D96-B8C6-BB956D4C435D}
	EndGlobalSection
EndGlobal
